
Microsoft Visual Studio Solution File, Format Version 12.00
# Visual Studio Version 16
VisualStudioVersion = 16.0.31105.61
MinimumVisualStudioVersion = 10.0.40219.1
Project("{FAE04EC0-301F-11D3-BF4B-00C04F79EFBC}") = "Chatyx", "Chatyx.csproj", "{0D63081A-F0C8-4D31-A505-322B72B90592}"
EndProject
Global
	GlobalSection(SolutionConfigurationPlatforms) = preSolution
		Debug|Any CPU = Debug|Any CPU
		Release|Any CPU = Release|Any CPU
	EndGlobalSection
	GlobalSection(ProjectConfigurationPlatforms) = postSolution
		{0D63081A-F0C8-4D31-A505-322B72B90592}.Debug|Any CPU.ActiveCfg = Debug|Any CPU
		{0D63081A-F0C8-4D31-A505-322B72B90592}.Debug|Any CPU.Build.0 = Debug|Any CPU
		{0D63081A-F0C8-4D31-A505-322B72B90592}.Release|Any CPU.ActiveCfg = Release|Any CPU
		{0D63081A-F0C8-4D31-A505-322B72B90592}.Release|Any CPU.Build.0 = Release|Any CPU
	EndGlobalSection
	GlobalSection(SolutionProperties) = preSolution
		HideSolutionNode = FALSE
	EndGlobalSection
	GlobalSection(ExtensibilityGlobals) = postSolution
		SolutionGuid = {F4B84226-C909-452A-B29B-91A45593C16D}
	EndGlobalSection
EndGlobal
